
Microsoft Visual Studio Solution File, Format Version 12.00
# Visual Studio Version 17
VisualStudioVersion = 17.11.35327.3
MinimumVisualStudioVersion = 10.0.40219.1
Project("{FAE04EC0-301F-11D3-BF4B-00C04F79EFBC}") = "BlogNew", "BlogNew\BlogNew.csproj", "{56EEB414-B368-4148-923D-247AA5DB68D9}"
EndProject
Global
	GlobalSection(SolutionConfigurationPlatforms) = preSolution
		Debug|Any CPU = Debug|Any CPU
		Release|Any CPU = Release|Any CPU
	EndGlobalSection
	GlobalSection(ProjectConfigurationPlatforms) = postSolution
		{56EEB414-B368-4148-923D-247AA5DB68D9}.Debug|Any CPU.ActiveCfg = Debug|Any CPU
		{56EEB414-B368-4148-923D-247AA5DB68D9}.Debug|Any CPU.Build.0 = Debug|Any CPU
		{56EEB414-B368-4148-923D-247AA5DB68D9}.Release|Any CPU.ActiveCfg = Release|Any CPU
		{56EEB414-B368-4148-923D-247AA5DB68D9}.Release|Any CPU.Build.0 = Release|Any CPU
	EndGlobalSection
	GlobalSection(SolutionProperties) = preSolution
		HideSolutionNode = FALSE
	EndGlobalSection
	GlobalSection(ExtensibilityGlobals) = postSolution
		SolutionGuid = {5A35DE42-A048-467A-8C05-5DC105C6D2D2}
	EndGlobalSection
EndGlobal
